
Microsoft Visual Studio Solution File, Format Version 12.00
# Visual Studio Version 16
VisualStudioVersion = 16.0.29215.179
MinimumVisualStudioVersion = 10.0.40219.1
Project("{2150E333-8FDC-42A3-9474-1A3956D46DE8}") = "src", "src", "{D868E2CC-DF4D-40A7-84AA-139BFC14D4F8}"
EndProject
Project("{2150E333-8FDC-42A3-9474-1A3956D46DE8}") = "Services", "Services", "{88A7786A-C358-48AA-9E4D-812E7EE70368}"
EndProject
Project("{2150E333-8FDC-42A3-9474-1A3956D46DE8}") = "Identity", "Identity", "{B25F6ECE-7868-4DBB-B00E-49DC5D3F1B33}"
EndProject
Project("{9A19103F-16F7-4668-BE54-9A1E7A4F7556}") = "Identity.API", "src\Services\Identity\Identity.API\Identity.API.csproj", "{895DD774-66AE-46AE-8DB4-F6BCAF3008A1}"
EndProject
Project("{2150E333-8FDC-42A3-9474-1A3956D46DE8}") = "Catalog", "Catalog", "{719DD9BB-87BB-49E3-9BBE-EF17EBE4F838}"
EndProject
Project("{9A19103F-16F7-4668-BE54-9A1E7A4F7556}") = "Catalog.API", "src\Services\Catalog\Catalog.API\Catalog.API.csproj", "{C0B0A8F7-0D46-406F-B5D8-6294CF233795}"
EndProject
Project("{2150E333-8FDC-42A3-9474-1A3956D46DE8}") = "Basket", "Basket", "{5F19102E-29EE-48DC-BE49-3ED074D4E67F}"
EndProject
Project("{9A19103F-16F7-4668-BE54-9A1E7A4F7556}") = "Basket.API", "src\Services\Basket\Basket.API\Basket.API.csproj", "{D8FFF0DD-1EAE-40A8-9C15-D0832937ACA3}"
EndProject
Project("{2150E333-8FDC-42A3-9474-1A3956D46DE8}") = "Ordering", "Ordering", "{4F76B2E6-B834-4F16-8309-C38A57BD1151}"
EndProject
Project("{9A19103F-16F7-4668-BE54-9A1E7A4F7556}") = "Ordering.API", "src\Services\Ordering\Ordering.API\Ordering.API.csproj", "{07739EC1-D664-4617-AFFD-B7F2F2FAD678}"
EndProject
Project("{9A19103F-16F7-4668-BE54-9A1E7A4F7556}") = "Ordering.Domain", "src\Services\Ordering\Ordering.Domain\Ordering.Domain.csproj", "{36ADE187-4261-4CA4-A668-A01977EF1927}"
EndProject
Project("{9A19103F-16F7-4668-BE54-9A1E7A4F7556}") = "Ordering.Infrastructure", "src\Services\Ordering\Ordering.Infrastructure\Ordering.Infrastructure.csproj", "{F9FB4C17-849F-4CBE-997C-942A9E5AE8B1}"
EndProject
Project("{9A19103F-16F7-4668-BE54-9A1E7A4F7556}") = "Ordering.BackgroundTasks", "src\Services\Ordering\Ordering.BackgroundTasks\Ordering.BackgroundTasks.csproj", "{AD40C9FE-07BA-4FE8-9A6E-1F48CA9DDE4F}"
EndProject
Project("{9A19103F-16F7-4668-BE54-9A1E7A4F7556}") = "Ordering.SignalrHub", "src\Services\Ordering\Ordering.SignalrHub\Ordering.SignalrHub.csproj", "{C98DB14D-E428-426B-9DF8-2267E9BB6709}"
EndProject
Project("{2150E333-8FDC-42A3-9474-1A3956D46DE8}") = "Web Apps", "Web Apps", "{FD1D102F-2C7A-481B-A4FA-4E9C3B2A5DAC}"
EndProject
Project("{FAE04EC0-301F-11D3-BF4B-00C04F79EFBC}") = "WebMVC", "src\WebApps\WebMVC\WebMVC.csproj", "{B78D85D2-D9C2-4326-BA4F-41DAA1A79BF1}"
EndProject
Global
	GlobalSection(SolutionConfigurationPlatforms) = preSolution
		Debug|Any CPU = Debug|Any CPU
		Release|Any CPU = Release|Any CPU
	EndGlobalSection
	GlobalSection(ProjectConfigurationPlatforms) = postSolution
		{895DD774-66AE-46AE-8DB4-F6BCAF3008A1}.Debug|Any CPU.ActiveCfg = Debug|Any CPU
		{895DD774-66AE-46AE-8DB4-F6BCAF3008A1}.Debug|Any CPU.Build.0 = Debug|Any CPU
		{895DD774-66AE-46AE-8DB4-F6BCAF3008A1}.Release|Any CPU.ActiveCfg = Release|Any CPU
		{895DD774-66AE-46AE-8DB4-F6BCAF3008A1}.Release|Any CPU.Build.0 = Release|Any CPU
		{C0B0A8F7-0D46-406F-B5D8-6294CF233795}.Debug|Any CPU.ActiveCfg = Debug|Any CPU
		{C0B0A8F7-0D46-406F-B5D8-6294CF233795}.Debug|Any CPU.Build.0 = Debug|Any CPU
		{C0B0A8F7-0D46-406F-B5D8-6294CF233795}.Release|Any CPU.ActiveCfg = Release|Any CPU
		{C0B0A8F7-0D46-406F-B5D8-6294CF233795}.Release|Any CPU.Build.0 = Release|Any CPU
		{D8FFF0DD-1EAE-40A8-9C15-D0832937ACA3}.Debug|Any CPU.ActiveCfg = Debug|Any CPU
		{D8FFF0DD-1EAE-40A8-9C15-D0832937ACA3}.Debug|Any CPU.Build.0 = Debug|Any CPU
		{D8FFF0DD-1EAE-40A8-9C15-D0832937ACA3}.Release|Any CPU.ActiveCfg = Release|Any CPU
		{D8FFF0DD-1EAE-40A8-9C15-D0832937ACA3}.Release|Any CPU.Build.0 = Release|Any CPU
		{07739EC1-D664-4617-AFFD-B7F2F2FAD678}.Debug|Any CPU.ActiveCfg = Debug|Any CPU
		{07739EC1-D664-4617-AFFD-B7F2F2FAD678}.Debug|Any CPU.Build.0 = Debug|Any CPU
		{07739EC1-D664-4617-AFFD-B7F2F2FAD678}.Release|Any CPU.ActiveCfg = Release|Any CPU
		{07739EC1-D664-4617-AFFD-B7F2F2FAD678}.Release|Any CPU.Build.0 = Release|Any CPU
		{36ADE187-4261-4CA4-A668-A01977EF1927}.Debug|Any CPU.ActiveCfg = Debug|Any CPU
		{36ADE187-4261-4CA4-A668-A01977EF1927}.Debug|Any CPU.Build.0 = Debug|Any CPU
		{36ADE187-4261-4CA4-A668-A01977EF1927}.Release|Any CPU.ActiveCfg = Release|Any CPU
		{36ADE187-4261-4CA4-A668-A01977EF1927}.Release|Any CPU.Build.0 = Release|Any CPU
		{F9FB4C17-849F-4CBE-997C-942A9E5AE8B1}.Debug|Any CPU.ActiveCfg = Debug|Any CPU
		{F9FB4C17-849F-4CBE-997C-942A9E5AE8B1}.Debug|Any CPU.Build.0 = Debug|Any CPU
		{F9FB4C17-849F-4CBE-997C-942A9E5AE8B1}.Release|Any CPU.ActiveCfg = Release|Any CPU
		{F9FB4C17-849F-4CBE-997C-942A9E5AE8B1}.Release|Any CPU.Build.0 = Release|Any CPU
		{AD40C9FE-07BA-4FE8-9A6E-1F48CA9DDE4F}.Debug|Any CPU.ActiveCfg = Debug|Any CPU
		{AD40C9FE-07BA-4FE8-9A6E-1F48CA9DDE4F}.Debug|Any CPU.Build.0 = Debug|Any CPU
		{AD40C9FE-07BA-4FE8-9A6E-1F48CA9DDE4F}.Release|Any CPU.ActiveCfg = Release|Any CPU
		{AD40C9FE-07BA-4FE8-9A6E-1F48CA9DDE4F}.Release|Any CPU.Build.0 = Release|Any CPU
		{C98DB14D-E428-426B-9DF8-2267E9BB6709}.Debug|Any CPU.ActiveCfg = Debug|Any CPU
		{C98DB14D-E428-426B-9DF8-2267E9BB6709}.Debug|Any CPU.Build.0 = Debug|Any CPU
		{C98DB14D-E428-426B-9DF8-2267E9BB6709}.Release|Any CPU.ActiveCfg = Release|Any CPU
		{C98DB14D-E428-426B-9DF8-2267E9BB6709}.Release|Any CPU.Build.0 = Release|Any CPU
		{B78D85D2-D9C2-4326-BA4F-41DAA1A79BF1}.Debug|Any CPU.ActiveCfg = Debug|Any CPU
		{B78D85D2-D9C2-4326-BA4F-41DAA1A79BF1}.Debug|Any CPU.Build.0 = Debug|Any CPU
		{B78D85D2-D9C2-4326-BA4F-41DAA1A79BF1}.Release|Any CPU.ActiveCfg = Release|Any CPU
		{B78D85D2-D9C2-4326-BA4F-41DAA1A79BF1}.Release|Any CPU.Build.0 = Release|Any CPU
	EndGlobalSection
	GlobalSection(SolutionProperties) = preSolution
		HideSolutionNode = FALSE
	EndGlobalSection
	GlobalSection(NestedProjects) = preSolution
		{88A7786A-C358-48AA-9E4D-812E7EE70368} = {D868E2CC-DF4D-40A7-84AA-139BFC14D4F8}
		{B25F6ECE-7868-4DBB-B00E-49DC5D3F1B33} = {88A7786A-C358-48AA-9E4D-812E7EE70368}
		{895DD774-66AE-46AE-8DB4-F6BCAF3008A1} = {B25F6ECE-7868-4DBB-B00E-49DC5D3F1B33}
		{719DD9BB-87BB-49E3-9BBE-EF17EBE4F838} = {88A7786A-C358-48AA-9E4D-812E7EE70368}
		{C0B0A8F7-0D46-406F-B5D8-6294CF233795} = {719DD9BB-87BB-49E3-9BBE-EF17EBE4F838}
		{5F19102E-29EE-48DC-BE49-3ED074D4E67F} = {88A7786A-C358-48AA-9E4D-812E7EE70368}
		{D8FFF0DD-1EAE-40A8-9C15-D0832937ACA3} = {5F19102E-29EE-48DC-BE49-3ED074D4E67F}
		{4F76B2E6-B834-4F16-8309-C38A57BD1151} = {88A7786A-C358-48AA-9E4D-812E7EE70368}
		{07739EC1-D664-4617-AFFD-B7F2F2FAD678} = {4F76B2E6-B834-4F16-8309-C38A57BD1151}
		{36ADE187-4261-4CA4-A668-A01977EF1927} = {4F76B2E6-B834-4F16-8309-C38A57BD1151}
		{F9FB4C17-849F-4CBE-997C-942A9E5AE8B1} = {4F76B2E6-B834-4F16-8309-C38A57BD1151}
		{AD40C9FE-07BA-4FE8-9A6E-1F48CA9DDE4F} = {4F76B2E6-B834-4F16-8309-C38A57BD1151}
		{C98DB14D-E428-426B-9DF8-2267E9BB6709} = {4F76B2E6-B834-4F16-8309-C38A57BD1151}
		{FD1D102F-2C7A-481B-A4FA-4E9C3B2A5DAC} = {D868E2CC-DF4D-40A7-84AA-139BFC14D4F8}
		{B78D85D2-D9C2-4326-BA4F-41DAA1A79BF1} = {FD1D102F-2C7A-481B-A4FA-4E9C3B2A5DAC}
	EndGlobalSection
	GlobalSection(ExtensibilityGlobals) = postSolution
		SolutionGuid = {5A68227F-35D7-42F4-95C5-15FAB436EE26}
	EndGlobalSection
EndGlobal
